
Microsoft Visual Studio Solution File, Format Version 12.00
# Visual Studio Version 16
VisualStudioVersion = 16.0.30621.155
MinimumVisualStudioVersion = 10.0.40219.1
Project("{9A19103F-16F7-4668-BE54-9A1E7A4F7556}") = "GeneratorServerApi", "GeneratorServerApi\GeneratorServerApi.csproj", "{15BB7006-5802-487C-A8B1-DC030AE03AD1}"
EndProject
Project("{9A19103F-16F7-4668-BE54-9A1E7A4F7556}") = "GenLib", "gen-uploader\GenLib\GenLib.csproj", "{6F7CF02F-CE74-42A2-AB99-37F7BF1D8FBF}"
EndProject
Project("{FAE04EC0-301F-11D3-BF4B-00C04F79EFBC}") = "GeneratorAppMain", "GeneratorAppMain\GeneratorAppMain.csproj", "{729BD821-C43D-4A34-B6E4-1C661A46C190}"
EndProject
Project("{930C7802-8A8C-48F9-8165-68863BCCD9DD}") = "GeneratorSetup", "GeneratorSetup\GeneratorSetup.wixproj", "{E9A205DF-E3CE-44E3-86D0-4B9C884ECD31}"
EndProject
Project("{930C7802-8A8C-48F9-8165-68863BCCD9DD}") = "GeneratorBootstrapper", "GeneratorBootstrapper\GeneratorBootstrapper.wixproj", "{4C3E55C3-CEF1-4C48-BCD3-057673030C3C}"
EndProject
Project("{FAE04EC0-301F-11D3-BF4B-00C04F79EFBC}") = "GeneratorAppManager", "GeneratorAppManager\GeneratorAppManager.csproj", "{D74C22D0-DC61-4928-9677-8B4573CD06AA}"
EndProject
Global
	GlobalSection(SolutionConfigurationPlatforms) = preSolution
		Debug|Any CPU = Debug|Any CPU
		Debug|x86 = Debug|x86
		Release|Any CPU = Release|Any CPU
		Release|x86 = Release|x86
	EndGlobalSection
	GlobalSection(ProjectConfigurationPlatforms) = postSolution
		{15BB7006-5802-487C-A8B1-DC030AE03AD1}.Debug|Any CPU.ActiveCfg = Debug|Any CPU
		{15BB7006-5802-487C-A8B1-DC030AE03AD1}.Debug|Any CPU.Build.0 = Debug|Any CPU
		{15BB7006-5802-487C-A8B1-DC030AE03AD1}.Debug|x86.ActiveCfg = Debug|Any CPU
		{15BB7006-5802-487C-A8B1-DC030AE03AD1}.Debug|x86.Build.0 = Debug|Any CPU
		{15BB7006-5802-487C-A8B1-DC030AE03AD1}.Release|Any CPU.ActiveCfg = Release|Any CPU
		{15BB7006-5802-487C-A8B1-DC030AE03AD1}.Release|Any CPU.Build.0 = Release|Any CPU
		{15BB7006-5802-487C-A8B1-DC030AE03AD1}.Release|x86.ActiveCfg = Release|Any CPU
		{15BB7006-5802-487C-A8B1-DC030AE03AD1}.Release|x86.Build.0 = Release|Any CPU
		{6F7CF02F-CE74-42A2-AB99-37F7BF1D8FBF}.Debug|Any CPU.ActiveCfg = Debug|Any CPU
		{6F7CF02F-CE74-42A2-AB99-37F7BF1D8FBF}.Debug|Any CPU.Build.0 = Debug|Any CPU
		{6F7CF02F-CE74-42A2-AB99-37F7BF1D8FBF}.Debug|x86.ActiveCfg = Debug|Any CPU
		{6F7CF02F-CE74-42A2-AB99-37F7BF1D8FBF}.Debug|x86.Build.0 = Debug|Any CPU
		{6F7CF02F-CE74-42A2-AB99-37F7BF1D8FBF}.Release|Any CPU.ActiveCfg = Release|Any CPU
		{6F7CF02F-CE74-42A2-AB99-37F7BF1D8FBF}.Release|Any CPU.Build.0 = Release|Any CPU
		{6F7CF02F-CE74-42A2-AB99-37F7BF1D8FBF}.Release|x86.ActiveCfg = Release|Any CPU
		{6F7CF02F-CE74-42A2-AB99-37F7BF1D8FBF}.Release|x86.Build.0 = Release|Any CPU
		{729BD821-C43D-4A34-B6E4-1C661A46C190}.Debug|Any CPU.ActiveCfg = Debug|Any CPU
		{729BD821-C43D-4A34-B6E4-1C661A46C190}.Debug|Any CPU.Build.0 = Debug|Any CPU
		{729BD821-C43D-4A34-B6E4-1C661A46C190}.Debug|x86.ActiveCfg = Debug|Any CPU
		{729BD821-C43D-4A34-B6E4-1C661A46C190}.Debug|x86.Build.0 = Debug|Any CPU
		{729BD821-C43D-4A34-B6E4-1C661A46C190}.Release|Any CPU.ActiveCfg = Release|Any CPU
		{729BD821-C43D-4A34-B6E4-1C661A46C190}.Release|Any CPU.Build.0 = Release|Any CPU
		{729BD821-C43D-4A34-B6E4-1C661A46C190}.Release|x86.ActiveCfg = Release|Any CPU
		{729BD821-C43D-4A34-B6E4-1C661A46C190}.Release|x86.Build.0 = Release|Any CPU
		{E9A205DF-E3CE-44E3-86D0-4B9C884ECD31}.Debug|Any CPU.ActiveCfg = Debug|x86
		{E9A205DF-E3CE-44E3-86D0-4B9C884ECD31}.Debug|x86.ActiveCfg = Debug|x86
		{E9A205DF-E3CE-44E3-86D0-4B9C884ECD31}.Debug|x86.Build.0 = Debug|x86
		{E9A205DF-E3CE-44E3-86D0-4B9C884ECD31}.Release|Any CPU.ActiveCfg = Release|x86
		{E9A205DF-E3CE-44E3-86D0-4B9C884ECD31}.Release|x86.ActiveCfg = Release|x86
		{E9A205DF-E3CE-44E3-86D0-4B9C884ECD31}.Release|x86.Build.0 = Release|x86
		{4C3E55C3-CEF1-4C48-BCD3-057673030C3C}.Debug|Any CPU.ActiveCfg = Debug|x86
		{4C3E55C3-CEF1-4C48-BCD3-057673030C3C}.Debug|x86.ActiveCfg = Debug|x86
		{4C3E55C3-CEF1-4C48-BCD3-057673030C3C}.Debug|x86.Build.0 = Debug|x86
		{4C3E55C3-CEF1-4C48-BCD3-057673030C3C}.Release|Any CPU.ActiveCfg = Release|x86
		{4C3E55C3-CEF1-4C48-BCD3-057673030C3C}.Release|x86.ActiveCfg = Release|x86
		{4C3E55C3-CEF1-4C48-BCD3-057673030C3C}.Release|x86.Build.0 = Release|x86
		{D74C22D0-DC61-4928-9677-8B4573CD06AA}.Debug|Any CPU.ActiveCfg = Debug|Any CPU
		{D74C22D0-DC61-4928-9677-8B4573CD06AA}.Debug|Any CPU.Build.0 = Debug|Any CPU
		{D74C22D0-DC61-4928-9677-8B4573CD06AA}.Debug|x86.ActiveCfg = Debug|Any CPU
		{D74C22D0-DC61-4928-9677-8B4573CD06AA}.Debug|x86.Build.0 = Debug|Any CPU
		{D74C22D0-DC61-4928-9677-8B4573CD06AA}.Release|Any CPU.ActiveCfg = Release|Any CPU
		{D74C22D0-DC61-4928-9677-8B4573CD06AA}.Release|Any CPU.Build.0 = Release|Any CPU
		{D74C22D0-DC61-4928-9677-8B4573CD06AA}.Release|x86.ActiveCfg = Release|Any CPU
		{D74C22D0-DC61-4928-9677-8B4573CD06AA}.Release|x86.Build.0 = Release|Any CPU
	EndGlobalSection
	GlobalSection(SolutionProperties) = preSolution
		HideSolutionNode = FALSE
	EndGlobalSection
	GlobalSection(ExtensibilityGlobals) = postSolution
		SolutionGuid = {B056C7C1-BC2A-4C09-A6B4-7E7FBAA09B97}
	EndGlobalSection
EndGlobal
