
Microsoft Visual Studio Solution File, Format Version 12.00
# Visual Studio Version 16
VisualStudioVersion = 16.0.30621.155
MinimumVisualStudioVersion = 10.0.40219.1
Project("{9A19103F-16F7-4668-BE54-9A1E7A4F7556}") = "GeneratorServerApi", "GeneratorServerApi\GeneratorServerApi.csproj", "{15BB7006-5802-487C-A8B1-DC030AE03AD1}"
EndProject
Project("{9A19103F-16F7-4668-BE54-9A1E7A4F7556}") = "GenLib", "gen-uploader\GenLib\GenLib.csproj", "{6F7CF02F-CE74-42A2-AB99-37F7BF1D8FBF}"
EndProject
Project("{9A19103F-16F7-4668-BE54-9A1E7A4F7556}") = "ServerApiConsoleApp", "ServerApiConsoleApp\ServerApiConsoleApp.csproj", "{FCFC4510-9010-49EB-9F00-2439964F6DA9}"
EndProject
Project("{9A19103F-16F7-4668-BE54-9A1E7A4F7556}") = "GeneratorAppManager", "GeneratorAppManager\GeneratorAppManager.csproj", "{8EF70C7A-F9E9-4BDB-AC9F-28E7B0247C8C}"
EndProject
Project("{FAE04EC0-301F-11D3-BF4B-00C04F79EFBC}") = "GeneratorAppMain", "GeneratorAppMain\GeneratorAppMain.csproj", "{729BD821-C43D-4A34-B6E4-1C661A46C190}"
EndProject
Global
	GlobalSection(SolutionConfigurationPlatforms) = preSolution
		Debug|Any CPU = Debug|Any CPU
		Release|Any CPU = Release|Any CPU
	EndGlobalSection
	GlobalSection(ProjectConfigurationPlatforms) = postSolution
		{15BB7006-5802-487C-A8B1-DC030AE03AD1}.Debug|Any CPU.ActiveCfg = Debug|Any CPU
		{15BB7006-5802-487C-A8B1-DC030AE03AD1}.Debug|Any CPU.Build.0 = Debug|Any CPU
		{15BB7006-5802-487C-A8B1-DC030AE03AD1}.Release|Any CPU.ActiveCfg = Release|Any CPU
		{15BB7006-5802-487C-A8B1-DC030AE03AD1}.Release|Any CPU.Build.0 = Release|Any CPU
		{6F7CF02F-CE74-42A2-AB99-37F7BF1D8FBF}.Debug|Any CPU.ActiveCfg = Debug|Any CPU
		{6F7CF02F-CE74-42A2-AB99-37F7BF1D8FBF}.Debug|Any CPU.Build.0 = Debug|Any CPU
		{6F7CF02F-CE74-42A2-AB99-37F7BF1D8FBF}.Release|Any CPU.ActiveCfg = Release|Any CPU
		{6F7CF02F-CE74-42A2-AB99-37F7BF1D8FBF}.Release|Any CPU.Build.0 = Release|Any CPU
		{FCFC4510-9010-49EB-9F00-2439964F6DA9}.Debug|Any CPU.ActiveCfg = Debug|Any CPU
		{FCFC4510-9010-49EB-9F00-2439964F6DA9}.Debug|Any CPU.Build.0 = Debug|Any CPU
		{FCFC4510-9010-49EB-9F00-2439964F6DA9}.Release|Any CPU.ActiveCfg = Release|Any CPU
		{FCFC4510-9010-49EB-9F00-2439964F6DA9}.Release|Any CPU.Build.0 = Release|Any CPU
		{8EF70C7A-F9E9-4BDB-AC9F-28E7B0247C8C}.Debug|Any CPU.ActiveCfg = Debug|Any CPU
		{8EF70C7A-F9E9-4BDB-AC9F-28E7B0247C8C}.Debug|Any CPU.Build.0 = Debug|Any CPU
		{8EF70C7A-F9E9-4BDB-AC9F-28E7B0247C8C}.Release|Any CPU.ActiveCfg = Release|Any CPU
		{8EF70C7A-F9E9-4BDB-AC9F-28E7B0247C8C}.Release|Any CPU.Build.0 = Release|Any CPU
		{729BD821-C43D-4A34-B6E4-1C661A46C190}.Debug|Any CPU.ActiveCfg = Debug|Any CPU
		{729BD821-C43D-4A34-B6E4-1C661A46C190}.Debug|Any CPU.Build.0 = Debug|Any CPU
		{729BD821-C43D-4A34-B6E4-1C661A46C190}.Release|Any CPU.ActiveCfg = Release|Any CPU
		{729BD821-C43D-4A34-B6E4-1C661A46C190}.Release|Any CPU.Build.0 = Release|Any CPU
	EndGlobalSection
	GlobalSection(SolutionProperties) = preSolution
		HideSolutionNode = FALSE
	EndGlobalSection
	GlobalSection(ExtensibilityGlobals) = postSolution
		SolutionGuid = {B056C7C1-BC2A-4C09-A6B4-7E7FBAA09B97}
	EndGlobalSection
EndGlobal
